// !$*UTF8*$!
{
	archiveVersion = 1;
	classes = {
	};
	objectVersion = 46;
	objects = {

/* Begin PBXBuildFile section */
		792F5A011C428B6500230C96 /* main.m in Sources */ = {isa = PBXBuildFile; fileRef = 792F5A001C428B6500230C96 /* main.m */; };
		792F5A041C428B6500230C96 /* AppDelegate.m in Sources */ = {isa = PBXBuildFile; fileRef = 792F5A031C428B6500230C96 /* AppDelegate.m */; };
		792F5A071C428B6500230C96 /* ViewController.m in Sources */ = {isa = PBXBuildFile; fileRef = 792F5A061C428B6500230C96 /* ViewController.m */; };
		792F5A0A1C428B6500230C96 /* Main.storyboard in Resources */ = {isa = PBXBuildFile; fileRef = 792F5A081C428B6500230C96 /* Main.storyboard */; };
		792F5A0C1C428B6500230C96 /* Assets.xcassets in Resources */ = {isa = PBXBuildFile; fileRef = 792F5A0B1C428B6500230C96 /* Assets.xcassets */; };
		792F5A0F1C428B6500230C96 /* LaunchScreen.storyboard in Resources */ = {isa = PBXBuildFile; fileRef = 792F5A0D1C428B6500230C96 /* LaunchScreen.storyboard */; };
		792F5A1A1C428B6500230C96 /* huTests.m in Sources */ = {isa = PBXBuildFile; fileRef = 792F5A191C428B6500230C96 /* huTests.m */; };
/* End PBXBuildFile section */

/* Begin PBXContainerItemProxy section */
		792F5A161C428B6500230C96 /* PBXContainerItemProxy */ = {
			isa = PBXContainerItemProxy;
			containerPortal = 792F59F41C428B6500230C96 /* Project object */;
			proxyType = 1;
			remoteGlobalIDString = 792F59FB1C428B6500230C96;
			remoteInfo = hu;
		};
/* End PBXContainerItemProxy section */

/* Begin PBXFileReference section */
		792F59FC1C428B6500230C96 /* hu.app */ = {isa = PBXFileReference; explicitFileType = wrapper.application; includeInIndex = 0; path = hu.app; sourceTree = BUILT_PRODUCTS_DIR; };
		792F5A001C428B6500230C96 /* main.m */ = {isa = PBXFileReference; lastKnownFileType = sourcecode.c.objc; path = main.m; sourceTree = "<group>"; };
		792F5A021C428B6500230C96 /* AppDelegate.h */ = {isa = PBXFileReference; lastKnownFileType = sourcecode.c.h; path = AppDelegate.h; sourceTree = "<group>"; };
		792F5A031C428B6500230C96 /* AppDelegate.m */ = {isa = PBXFileReference; lastKnownFileType = sourcecode.c.objc; path = AppDelegate.m; sourceTree = "<group>"; };
		792F5A051C428B6500230C96 /* ViewController.h */ = {isa = PBXFileReference; lastKnownFileType = sourcecode.c.h; path = ViewController.h; sourceTree = "<group>"; };
		792F5A061C428B6500230C96 /* ViewController.m */ = {isa = PBXFileReference; lastKnownFileType = sourcecode.c.objc; path = ViewController.m; sourceTree = "<group>"; };
		792F5A091C428B6500230C96 /* Base */ = {isa = PBXFileReference; lastKnownFileType = file.storyboard; name = Base; path = Base.lproj/Main.storyboard; sourceTree = "<group>"; };
		792F5A0B1C428B6500230C96 /* Assets.xcassets */ = {isa = PBXFileReference; lastKnownFileType = folder.assetcatalog; path = Assets.xcassets; sourceTree = "<group>"; };
		792F5A0E1C428B6500230C96 /* Base */ = {isa = PBXFileReference; lastKnownFileType = file.storyboard; name = Base; path = Base.lproj/LaunchScreen.storyboard; sourceTree = "<group>"; };
		792F5A101C428B6500230C96 /* Info.plist */ = {isa = PBXFileReference; lastKnownFileType = text.plist.xml; path = Info.plist; sourceTree = "<group>"; };
		792F5A151C428B6500230C96 /* huTests.xctest */ = {isa = PBXFileReference; explicitFileType = wrapper.cfbundle; includeInIndex = 0; path = huTests.xctest; sourceTree = BUILT_PRODUCTS_DIR; };
		792F5A191C428B6500230C96 /* huTests.m */ = {isa = PBXFileReference; lastKnownFileType = sourcecode.c.objc; path = huTests.m; sourceTree = "<group>"; };
		792F5A1B1C428B6500230C96 /* Info.plist */ = {isa = PBXFileReference; lastKnownFileType = text.plist.xml; path = Info.plist; sourceTree = "<group>"; };
/* End PBXFileReference section */

/* Begin PBXFrameworksBuildPhase section */
		792F59F91C428B6500230C96 /* Frameworks */ = {
			isa = PBXFrameworksBuildPhase;
			buildActionMask = 2147483647;
			files = (
			);
			runOnlyForDeploymentPostprocessing = 0;
		};
		792F5A121C428B6500230C96 /* Frameworks */ = {
			isa = PBXFrameworksBuildPhase;
			buildActionMask = 2147483647;
			files = (
			);
			runOnlyForDeploymentPostprocessing = 0;
		};
/* End PBXFrameworksBuildPhase section */

/* Begin PBXGroup section */
		792F59F31C428B6500230C96 = {
			isa = PBXGroup;
			children = (
				792F59FE1C428B6500230C96 /* hu */,
				792F5A181C428B6500230C96 /* huTests */,
				792F59FD1C428B6500230C96 /* Products */,
			);
			sourceTree = "<group>";
		};
		792F59FD1C428B6500230C96 /* Products */ = {
			isa = PBXGroup;
			children = (
				792F59FC1C428B6500230C96 /* hu.app */,
				792F5A151C428B6500230C96 /* huTests.xctest */,
			);
			name = Products;
			sourceTree = "<group>";
		};
		792F59FE1C428B6500230C96 /* hu */ = {
			isa = PBXGroup;
			children = (
				792F5A021C428B6500230C96 /* AppDelegate.h */,
				792F5A031C428B6500230C96 /* AppDelegate.m */,
				792F5A051C428B6500230C96 /* ViewController.h */,
				792F5A061C428B6500230C96 /* ViewController.m */,
				792F5A081C428B6500230C96 /* Main.storyboard */,
				792F5A0B1C428B6500230C96 /* Assets.xcassets */,
				792F5A0D1C428B6500230C96 /* LaunchScreen.storyboard */,
				792F5A101C428B6500230C96 /* Info.plist */,
				792F59FF1C428B6500230C96 /* Supporting Files */,
			);
			path = hu;
			sourceTree = "<group>";
		};
		792F59FF1C428B6500230C96 /* Supporting Files */ = {
			isa = PBXGroup;
			children = (
				792F5A001C428B6500230C96 /* main.m */,
			);
			name = "Supporting Files";
			sourceTree = "<group>";
		};
		792F5A181C428B6500230C96 /* huTests */ = {
			isa = PBXGroup;
			children = (
				792F5A191C428B6500230C96 /* huTests.m */,
				792F5A1B1C428B6500230C96 /* Info.plist */,
			);
			path = huTests;
			sourceTree = "<group>";
		};
/* End PBXGroup section */

/* Begin PBXNativeTarget section */
		792F59FB1C428B6500230C96 /* hu */ = {
			isa = PBXNativeTarget;
			buildConfigurationList = 792F5A1E1C428B6500230C96 /* Build configuration list for PBXNativeTarget "hu" */;
			buildPhases = (
				792F59F81C428B6500230C96 /* Sources */,
				792F59F91C428B6500230C96 /* Frameworks */,
				792F59FA1C428B6500230C96 /* Resources */,
			);
			buildRules = (
			);
			dependencies = (
			);
			name = hu;
			productName = hu;
			productReference = 792F59FC1C428B6500230C96 /* hu.app */;
			productType = "com.apple.product-type.application";
		};
		792F5A141C428B6500230C96 /* huTests */ = {
			isa = PBXNativeTarget;
			buildConfigurationList = 792F5A211C428B6500230C96 /* Build configuration list for PBXNativeTarget "huTests" */;
			buildPhases = (
				792F5A111C428B6500230C96 /* Sources */,
				792F5A121C428B6500230C96 /* Frameworks */,
				792F5A131C428B6500230C96 /* Resources */,
			);
			buildRules = (
			);
			dependencies = (
				792F5A171C428B6500230C96 /* PBXTargetDependency */,
			);
			name = huTests;
			productName = huTests;
			productReference = 792F5A151C428B6500230C96 /* huTests.xctest */;
			productType = "com.apple.product-type.bundle.unit-test";
		};
/* End PBXNativeTarget section */

/* Begin PBXProject section */
		792F59F41C428B6500230C96 /* Project object */ = {
			isa = PBXProject;
			attributes = {
				LastUpgradeCheck = 0720;
				ORGANIZATIONNAME = "聂家胡";
				TargetAttributes = {
					792F59FB1C428B6500230C96 = {
						CreatedOnToolsVersion = 7.2;
					};
					792F5A141C428B6500230C96 = {
						CreatedOnToolsVersion = 7.2;
						TestTargetID = 792F59FB1C428B6500230C96;
					};
				};
			};
			buildConfigurationList = 792F59F71C428B6500230C96 /* Build configuration list for PBXProject "hu" */;
			compatibilityVersion = "Xcode 3.2";
			developmentRegion = English;
			hasScannedForEncodings = 0;
			knownRegions = (
				en,
				Base,
			);
			mainGroup = 792F59F31C428B6500230C96;
			productRefGroup = 792F59FD1C428B6500230C96 /* Products */;
			projectDirPath = "";
			projectRoot = "";
			targets = (
				792F59FB1C428B6500230C96 /* hu */,
				792F5A141C428B6500230C96 /* huTests */,
			);
		};
/* End PBXProject section */

/* Begin PBXResourcesBuildPhase section */
		792F59FA1C428B6500230C96 /* Resources */ = {
			isa = PBXResourcesBuildPhase;
			buildActionMask = 2147483647;
			files = (
				792F5A0F1C428B6500230C96 /* LaunchScreen.storyboard in Resources */,
				792F5A0C1C428B6500230C96 /* Assets.xcassets in Resources */,
				792F5A0A1C428B6500230C96 /* Main.storyboard in Resources */,
			);
			runOnlyForDeploymentPostprocessing = 0;
		};
		792F5A131C428B6500230C96 /* Resources */ = {
			isa = PBXResourcesBuildPhase;
			buildActionMask = 2147483647;
			files = (
			);
			runOnlyForDeploymentPostprocessing = 0;
		};
/* End PBXResourcesBuildPhase section */

/* Begin PBXSourcesBuildPhase section */
		792F59F81C428B6500230C96 /* Sources */ = {
			isa = PBXSourcesBuildPhase;
			buildActionMask = 2147483647;
			files = (
				792F5A071C428B6500230C96 /* ViewController.m in Sources */,
				792F5A041C428B6500230C96 /* AppDelegate.m in Sources */,
				792F5A011C428B6500230C96 /* main.m in Sources */,
			);
			runOnlyForDeploymentPostprocessing = 0;
		};
		792F5A111C428B6500230C96 /* Sources */ = {
			isa = PBXSourcesBuildPhase;
			buildActionMask = 2147483647;
			files = (
				792F5A1A1C428B6500230C96 /* huTests.m in Sources */,
			);
			runOnlyForDeploymentPostprocessing = 0;
		};
/* End PBXSourcesBuildPhase section */

/* Begin PBXTargetDependency section */
		792F5A171C428B6500230C96 /* PBXTargetDependency */ = {
			isa = PBXTargetDependency;
			target = 792F59FB1C428B6500230C96 /* hu */;
			targetProxy = 792F5A161C428B6500230C96 /* PBXContainerItemProxy */;
		};
/* End PBXTargetDependency section */

/* Begin PBXVariantGroup section */
		792F5A081C428B6500230C96 /* Main.storyboard */ = {
			isa = PBXVariantGroup;
			children = (
				792F5A091C428B6500230C96 /* Base */,
			);
			name = Main.storyboard;
			sourceTree = "<group>";
		};
		792F5A0D1C428B6500230C96 /* LaunchScreen.storyboard */ = {
			isa = PBXVariantGroup;
			children = (
				792F5A0E1C428B6500230C96 /* Base */,
			);
			name = LaunchScreen.storyboard;
			sourceTree = "<group>";
		};
/* End PBXVariantGroup section */

/* Begin XCBuildConfiguration section */
		792F5A1C1C428B6500230C96 /* Debug */ = {
			isa = XCBuildConfiguration;
			buildSettings = {
				ALWAYS_SEARCH_USER_PATHS = NO;
				CLANG_CXX_LANGUAGE_STANDARD = "gnu++0x";
				CLANG_CXX_LIBRARY = "libc++";
				CLANG_ENABLE_MODULES = YES;
				CLANG_ENABLE_OBJC_ARC = YES;
				CLANG_WARN_BOOL_CONVERSION = YES;
				CLANG_WARN_CONSTANT_CONVERSION = YES;
				CLANG_WARN_DIRECT_OBJC_ISA_USAGE = YES_ERROR;
				CLANG_WARN_EMPTY_BODY = YES;
				CLANG_WARN_ENUM_CONVERSION = YES;
				CLANG_WARN_INT_CONVERSION = YES;
				CLANG_WARN_OBJC_ROOT_CLASS = YES_ERROR;
				CLANG_WARN_UNREACHABLE_CODE = YES;
				CLANG_WARN__DUPLICATE_METHOD_MATCH = YES;
				"CODE_SIGN_IDENTITY[sdk=iphoneos*]" = "iPhone Developer";
				COPY_PHASE_STRIP = NO;
				DEBUG_INFORMATION_FORMAT = dwarf;
				ENABLE_STRICT_OBJC_MSGSEND = YES;
				ENABLE_TESTABILITY = YES;
				GCC_C_LANGUAGE_STANDARD = gnu99;
				GCC_DYNAMIC_NO_PIC = NO;
				GCC_NO_COMMON_BLOCKS = YES;
				GCC_OPTIMIZATION_LEVEL = 0;
				GCC_PREPROCESSOR_DEFINITIONS = (
					"DEBUG=1",
					"$(inherited)",
				);
				GCC_WARN_64_TO_32_BIT_CONVERSION = YES;
				GCC_WARN_ABOUT_RETURN_TYPE = YES_ERROR;
				GCC_WARN_UNDECLARED_SELECTOR = YES;
				GCC_WARN_UNINITIALIZED_AUTOS = YES_AGGRESSIVE;
				GCC_WARN_UNUSED_FUNCTION = YES;
				GCC_WARN_UNUSED_VARIABLE = YES;
				IPHONEOS_DEPLOYMENT_TARGET = 9.2;
				MTL_ENABLE_DEBUG_INFO = YES;
				ONLY_ACTIVE_ARCH = YES;
				SDKROOT = iphoneos;
				TARGETED_DEVICE_FAMILY = "1,2";
			};
			name = Debug;
		};
		792F5A1D1C428B6500230C96 /* Release */ = {
			isa = XCBuildConfiguration;
			buildSettings = {
				ALWAYS_SEARCH_USER_PATHS = NO;
				CLANG_CXX_LANGUAGE_STANDARD = "gnu++0x";
				CLANG_CXX_LIBRARY = "libc++";
				CLANG_ENABLE_MODULES = YES;
				CLANG_ENABLE_OBJC_ARC = YES;
				CLANG_WARN_BOOL_CONVERSION = YES;
				CLANG_WARN_CONSTANT_CONVERSION = YES;
				CLANG_WARN_DIRECT_OBJC_ISA_USAGE = YES_ERROR;
				CLANG_WARN_EMPTY_BODY = YES;
				CLANG_WARN_ENUM_CONVERSION = YES;
				CLANG_WARN_INT_CONVERSION = YES;
				CLANG_WARN_OBJC_ROOT_CLASS = YES_ERROR;
				CLANG_WARN_UNREACHABLE_CODE = YES;
				CLANG_WARN__DUPLICATE_METHOD_MATCH = YES;
				"CODE_SIGN_IDENTITY[sdk=iphoneos*]" = "iPhone Developer";
				COPY_PHASE_STRIP = NO;
				DEBUG_INFORMATION_FORMAT = "dwarf-with-dsym";
				ENABLE_NS_ASSERTIONS = NO;
				ENABLE_STRICT_OBJC_MSGSEND = YES;
				GCC_C_LANGUAGE_STANDARD = gnu99;
				GCC_NO_COMMON_BLOCKS = YES;
				GCC_WARN_64_TO_32_BIT_CONVERSION = YES;
				GCC_WARN_ABOUT_RETURN_TYPE = YES_ERROR;
				GCC_WARN_UNDECLARED_SELECTOR = YES;
				GCC_WARN_UNINITIALIZED_AUTOS = YES_AGGRESSIVE;
				GCC_WARN_UNUSED_FUNCTION = YES;
				GCC_WARN_UNUSED_VARIABLE = YES;
				IPHONEOS_DEPLOYMENT_TARGET = 9.2;
				MTL_ENABLE_DEBUG_INFO = NO;
				SDKROOT = iphoneos;
				TARGETED_DEVICE_FAMILY = "1,2";
				VALIDATE_PRODUCT = YES;
			};
			name = Release;
		};
		792F5A1F1C428B6500230C96 /* Debug */ = {
			isa = XCBuildConfiguration;
			buildSettings = {
				ASSETCATALOG_COMPILER_APPICON_NAME = AppIcon;
				INFOPLIST_FILE = hu/Info.plist;
				LD_RUNPATH_SEARCH_PATHS = "$(inherited) @executable_path/Frameworks";
				PRODUCT_BUNDLE_IDENTIFIER = NI.hu;
				PRODUCT_NAME = "$(TARGET_NAME)";
			};
			name = Debug;
		};
		792F5A201C428B6500230C96 /* Release */ = {
			isa = XCBuildConfiguration;
			buildSettings = {
				ASSETCATALOG_COMPILER_APPICON_NAME = AppIcon;
				INFOPLIST_FILE = hu/Info.plist;
				LD_RUNPATH_SEARCH_PATHS = "$(inherited) @executable_path/Frameworks";
				PRODUCT_BUNDLE_IDENTIFIER = NI.hu;
				PRODUCT_NAME = "$(TARGET_NAME)";
			};
			name = Release;
		};
		792F5A221C428B6500230C96 /* Debug */ = {
			isa = XCBuildConfiguration;
			buildSettings = {
				BUNDLE_LOADER = "$(TEST_HOST)";
				INFOPLIST_FILE = huTests/Info.plist;
				LD_RUNPATH_SEARCH_PATHS = "$(inherited) @executable_path/Frameworks @loader_path/Frameworks";
				PRODUCT_BUNDLE_IDENTIFIER = NI.huTests;
				PRODUCT_NAME = "$(TARGET_NAME)";
				TEST_HOST = "$(BUILT_PRODUCTS_DIR)/hu.app/hu";
			};
			name = Debug;
		};
		792F5A231C428B6500230C96 /* Release */ = {
			isa = XCBuildConfiguration;
			buildSettings = {
				BUNDLE_LOADER = "$(TEST_HOST)";
				INFOPLIST_FILE = huTests/Info.plist;
				LD_RUNPATH_SEARCH_PATHS = "$(inherited) @executable_path/Frameworks @loader_path/Frameworks";
				PRODUCT_BUNDLE_IDENTIFIER = NI.huTests;
				PRODUCT_NAME = "$(TARGET_NAME)";
				TEST_HOST = "$(BUILT_PRODUCTS_DIR)/hu.app/hu";
			};
			name = Release;
		};
/* End XCBuildConfiguration section */

/* Begin XCConfigurationList section */
		792F59F71C428B6500230C96 /* Build configuration list for PBXProject "hu" */ = {
			isa = XCConfigurationList;
			buildConfigurations = (
				792F5A1C1C428B6500230C96 /* Debug */,
				792F5A1D1C428B6500230C96 /* Release */,
			);
			defaultConfigurationIsVisible = 0;
			defaultConfigurationName = Release;
		};
		792F5A1E1C428B6500230C96 /* Build configuration list for PBXNativeTarget "hu" */ = {
			isa = XCConfigurationList;
			buildConfigurations = (
				792F5A1F1C428B6500230C96 /* Debug */,
				792F5A201C428B6500230C96 /* Release */,
			);
			defaultConfigurationIsVisible = 0;
		};
		792F5A211C428B6500230C96 /* Build configuration list for PBXNativeTarget "huTests" */ = {
			isa = XCConfigurationList;
			buildConfigurations = (
				792F5A221C428B6500230C96 /* Debug */,
				792F5A231C428B6500230C96 /* Release */,
			);
			defaultConfigurationIsVisible = 0;
		};
/* End XCConfigurationList section */
	};
	rootObject = 792F59F41C428B6500230C96 /* Project object */;
}
